
Microsoft Visual Studio Solution File, Format Version 12.00
# Visual Studio Version 17
VisualStudioVersion = 17.10.35004.147
MinimumVisualStudioVersion = 10.0.40219.1
Project("{FAE04EC0-301F-11D3-BF4B-00C04F79EFBC}") = "nac", "nac.csproj", "{2EDBC6C8-460D-40BA-850C-5FCAEE459900}"
EndProject
Global
	GlobalSection(SolutionConfigurationPlatforms) = preSolution
		Debug|Any CPU = Debug|Any CPU
		Release|Any CPU = Release|Any CPU
	EndGlobalSection
	GlobalSection(ProjectConfigurationPlatforms) = postSolution
		{2EDBC6C8-460D-40BA-850C-5FCAEE459900}.Debug|Any CPU.ActiveCfg = Debug|Any CPU
		{2EDBC6C8-460D-40BA-850C-5FCAEE459900}.Debug|Any CPU.Build.0 = Debug|Any CPU
		{2EDBC6C8-460D-40BA-850C-5FCAEE459900}.Release|Any CPU.ActiveCfg = Release|Any CPU
		{2EDBC6C8-460D-40BA-850C-5FCAEE459900}.Release|Any CPU.Build.0 = Release|Any CPU
	EndGlobalSection
	GlobalSection(SolutionProperties) = preSolution
		HideSolutionNode = FALSE
	EndGlobalSection
	GlobalSection(ExtensibilityGlobals) = postSolution
		SolutionGuid = {8054141D-EBA0-414E-8CF6-B1C98CFB9039}
	EndGlobalSection
EndGlobal
